
Microsoft Visual Studio Solution File, Format Version 12.00
# Visual Studio Version 16
VisualStudioVersion = 16.0.30709.64
MinimumVisualStudioVersion = 10.0.40219.1
Project("{9A19103F-16F7-4668-BE54-9A1E7A4F7556}") = "RectangleProject", "RectangleProject\RectangleProject.csproj", "{ECF6821D-0D75-4C97-B8E7-2E2FEFFB9361}"
EndProject
Project("{9A19103F-16F7-4668-BE54-9A1E7A4F7556}") = "tests", "..\tests\tests.csproj", "{4766C851-C354-4BB3-A0C1-2E39545E0164}"
EndProject
Project("{9A19103F-16F7-4668-BE54-9A1E7A4F7556}") = "tests2", "..\tests2\tests2.csproj", "{A1E06113-A36B-4854-B4F6-2477F1254196}"
EndProject
Project("{FAE04EC0-301F-11D3-BF4B-00C04F79EFBC}") = "RectangleWpfProject", "RectangleWpfProject\RectangleWpfProject.csproj", "{6A9207A9-C4C1-4EFB-A036-C0BFB493142B}"
EndProject
Global
	GlobalSection(SolutionConfigurationPlatforms) = preSolution
		Debug|Any CPU = Debug|Any CPU
		Release|Any CPU = Release|Any CPU
	EndGlobalSection
	GlobalSection(ProjectConfigurationPlatforms) = postSolution
		{ECF6821D-0D75-4C97-B8E7-2E2FEFFB9361}.Debug|Any CPU.ActiveCfg = Debug|Any CPU
		{ECF6821D-0D75-4C97-B8E7-2E2FEFFB9361}.Debug|Any CPU.Build.0 = Debug|Any CPU
		{ECF6821D-0D75-4C97-B8E7-2E2FEFFB9361}.Release|Any CPU.ActiveCfg = Release|Any CPU
		{ECF6821D-0D75-4C97-B8E7-2E2FEFFB9361}.Release|Any CPU.Build.0 = Release|Any CPU
		{4766C851-C354-4BB3-A0C1-2E39545E0164}.Debug|Any CPU.ActiveCfg = Debug|Any CPU
		{4766C851-C354-4BB3-A0C1-2E39545E0164}.Debug|Any CPU.Build.0 = Debug|Any CPU
		{4766C851-C354-4BB3-A0C1-2E39545E0164}.Release|Any CPU.ActiveCfg = Release|Any CPU
		{4766C851-C354-4BB3-A0C1-2E39545E0164}.Release|Any CPU.Build.0 = Release|Any CPU
		{A1E06113-A36B-4854-B4F6-2477F1254196}.Debug|Any CPU.ActiveCfg = Debug|Any CPU
		{A1E06113-A36B-4854-B4F6-2477F1254196}.Debug|Any CPU.Build.0 = Debug|Any CPU
		{A1E06113-A36B-4854-B4F6-2477F1254196}.Release|Any CPU.ActiveCfg = Release|Any CPU
		{A1E06113-A36B-4854-B4F6-2477F1254196}.Release|Any CPU.Build.0 = Release|Any CPU
		{6A9207A9-C4C1-4EFB-A036-C0BFB493142B}.Debug|Any CPU.ActiveCfg = Debug|Any CPU
		{6A9207A9-C4C1-4EFB-A036-C0BFB493142B}.Debug|Any CPU.Build.0 = Debug|Any CPU
		{6A9207A9-C4C1-4EFB-A036-C0BFB493142B}.Release|Any CPU.ActiveCfg = Release|Any CPU
		{6A9207A9-C4C1-4EFB-A036-C0BFB493142B}.Release|Any CPU.Build.0 = Release|Any CPU
	EndGlobalSection
	GlobalSection(SolutionProperties) = preSolution
		HideSolutionNode = FALSE
	EndGlobalSection
	GlobalSection(ExtensibilityGlobals) = postSolution
		SolutionGuid = {A5F9FE92-8CD5-48B0-964F-5C9E1A2ABC65}
	EndGlobalSection
EndGlobal
